
Microsoft Visual Studio Solution File, Format Version 12.00
# Visual Studio Version 16
VisualStudioVersion = 16.0.30413.136
MinimumVisualStudioVersion = 10.0.40219.1
Project("{FAE04EC0-301F-11D3-BF4B-00C04F79EFBC}") = "MyShop.Core", "MyShop.Core\MyShop.Core.csproj", "{9ADE810A-8D65-4A41-9708-F22C88B5F4C8}"
EndProject
Project("{FAE04EC0-301F-11D3-BF4B-00C04F79EFBC}") = "MyShop.Services", "MyShop.Services\MyShop.Services.csproj", "{4ECEE8E5-7BB6-4555-B455-740BB0E694C8}"
EndProject
Project("{FAE04EC0-301F-11D3-BF4B-00C04F79EFBC}") = "MyShop.DataAccess.SQL", "MyShop.DataAccess.SQL\MyShop.DataAccess.SQL.csproj", "{B0A35D0A-DEA5-4351-82E8-09E13158659F}"
EndProject
Project("{FAE04EC0-301F-11D3-BF4B-00C04F79EFBC}") = "MyShop.DataAccess.InMemory", "MyShop.DataAccess.InMemory\MyShop.DataAccess.InMemory.csproj", "{0D92E0E9-2C9B-4001-B721-0B9BF03BEF63}"
EndProject
Project("{FAE04EC0-301F-11D3-BF4B-00C04F79EFBC}") = "MyShop.WebUI", "MyShop.WebUI\MyShop.WebUI.csproj", "{0D74EA74-FB74-4563-BC92-210F3821D7D4}"
EndProject
Project("{FAE04EC0-301F-11D3-BF4B-00C04F79EFBC}") = "MyShop.WebUI.Tests", "MyShop.WebUI.Tests\MyShop.WebUI.Tests.csproj", "{0601ED0D-C411-40DA-BD27-23BE3FB7350E}"
EndProject
Global
	GlobalSection(SolutionConfigurationPlatforms) = preSolution
		Debug|Any CPU = Debug|Any CPU
		Release|Any CPU = Release|Any CPU
	EndGlobalSection
	GlobalSection(ProjectConfigurationPlatforms) = postSolution
		{9ADE810A-8D65-4A41-9708-F22C88B5F4C8}.Debug|Any CPU.ActiveCfg = Debug|Any CPU
		{9ADE810A-8D65-4A41-9708-F22C88B5F4C8}.Debug|Any CPU.Build.0 = Debug|Any CPU
		{9ADE810A-8D65-4A41-9708-F22C88B5F4C8}.Release|Any CPU.ActiveCfg = Release|Any CPU
		{9ADE810A-8D65-4A41-9708-F22C88B5F4C8}.Release|Any CPU.Build.0 = Release|Any CPU
		{4ECEE8E5-7BB6-4555-B455-740BB0E694C8}.Debug|Any CPU.ActiveCfg = Debug|Any CPU
		{4ECEE8E5-7BB6-4555-B455-740BB0E694C8}.Debug|Any CPU.Build.0 = Debug|Any CPU
		{4ECEE8E5-7BB6-4555-B455-740BB0E694C8}.Release|Any CPU.ActiveCfg = Release|Any CPU
		{4ECEE8E5-7BB6-4555-B455-740BB0E694C8}.Release|Any CPU.Build.0 = Release|Any CPU
		{B0A35D0A-DEA5-4351-82E8-09E13158659F}.Debug|Any CPU.ActiveCfg = Debug|Any CPU
		{B0A35D0A-DEA5-4351-82E8-09E13158659F}.Debug|Any CPU.Build.0 = Debug|Any CPU
		{B0A35D0A-DEA5-4351-82E8-09E13158659F}.Release|Any CPU.ActiveCfg = Release|Any CPU
		{B0A35D0A-DEA5-4351-82E8-09E13158659F}.Release|Any CPU.Build.0 = Release|Any CPU
		{0D92E0E9-2C9B-4001-B721-0B9BF03BEF63}.Debug|Any CPU.ActiveCfg = Debug|Any CPU
		{0D92E0E9-2C9B-4001-B721-0B9BF03BEF63}.Debug|Any CPU.Build.0 = Debug|Any CPU
		{0D92E0E9-2C9B-4001-B721-0B9BF03BEF63}.Release|Any CPU.ActiveCfg = Release|Any CPU
		{0D92E0E9-2C9B-4001-B721-0B9BF03BEF63}.Release|Any CPU.Build.0 = Release|Any CPU
		{0D74EA74-FB74-4563-BC92-210F3821D7D4}.Debug|Any CPU.ActiveCfg = Debug|Any CPU
		{0D74EA74-FB74-4563-BC92-210F3821D7D4}.Debug|Any CPU.Build.0 = Debug|Any CPU
		{0D74EA74-FB74-4563-BC92-210F3821D7D4}.Release|Any CPU.ActiveCfg = Release|Any CPU
		{0D74EA74-FB74-4563-BC92-210F3821D7D4}.Release|Any CPU.Build.0 = Release|Any CPU
		{0601ED0D-C411-40DA-BD27-23BE3FB7350E}.Debug|Any CPU.ActiveCfg = Debug|Any CPU
		{0601ED0D-C411-40DA-BD27-23BE3FB7350E}.Debug|Any CPU.Build.0 = Debug|Any CPU
		{0601ED0D-C411-40DA-BD27-23BE3FB7350E}.Release|Any CPU.ActiveCfg = Release|Any CPU
		{0601ED0D-C411-40DA-BD27-23BE3FB7350E}.Release|Any CPU.Build.0 = Release|Any CPU
	EndGlobalSection
	GlobalSection(SolutionProperties) = preSolution
		HideSolutionNode = FALSE
	EndGlobalSection
	GlobalSection(ExtensibilityGlobals) = postSolution
		SolutionGuid = {AD4BB294-AD58-45E8-A001-2315EFB7145D}
	EndGlobalSection
EndGlobal
